Microsoft Visual Studio Solution File, Format Version 12.00
# Visual Studio Version 17
VisualStudioVersion = 17.5.2.0
MinimumVisualStudioVersion = 10.0.40219.1
Project("{FAE04EC0-301F-11D3-BF4B-00C04F79EFBC}") = "geo", "geo.csproj", "{5611485E-39AA-9D24-6808-4141070A1D3A}"
EndProject
Global
	GlobalSection(SolutionConfigurationPlatforms) = preSolution
		Debug|Any CPU = Debug|Any CPU
		Release|Any CPU = Release|Any CPU
	EndGlobalSection
	GlobalSection(ProjectConfigurationPlatforms) = postSolution
		{5611485E-39AA-9D24-6808-4141070A1D3A}.Debug|Any CPU.ActiveCfg = Debug|Any CPU
		{5611485E-39AA-9D24-6808-4141070A1D3A}.Debug|Any CPU.Build.0 = Debug|Any CPU
		{5611485E-39AA-9D24-6808-4141070A1D3A}.Release|Any CPU.ActiveCfg = Release|Any CPU
		{5611485E-39AA-9D24-6808-4141070A1D3A}.Release|Any CPU.Build.0 = Release|Any CPU
	EndGlobalSection
	GlobalSection(SolutionProperties) = preSolution
		HideSolutionNode = FALSE
	EndGlobalSection
	GlobalSection(ExtensibilityGlobals) = postSolution
		SolutionGuid = {173B1650-7ED1-42B8-89C1-6FEB734A4FB0}
	EndGlobalSection
EndGlobal
